Microsoft Visual Studio Solution File, Format Version 8.00
Project("{FAE04EC0-301F-11D3-BF4B-00C04F79EFBC}") = "QueryExpress", "QueryExpress.csproj", "{2F9E998B-6691-4EC6-BDF9-AFE090B70413}"
	ProjectSection(ProjectDependencies) = postProject
	EndProjectSection
EndProject
Global
	GlobalSection(SolutionConfiguration) = preSolution
		Debug = Debug
		Release = Release
	EndGlobalSection
	GlobalSection(ProjectConfiguration) = postSolution
		{2F9E998B-6691-4EC6-BDF9-AFE090B70413}.Debug.ActiveCfg = Debug|.NET
		{2F9E998B-6691-4EC6-BDF9-AFE090B70413}.Debug.Build.0 = Debug|.NET
		{2F9E998B-6691-4EC6-BDF9-AFE090B70413}.Release.ActiveCfg = Release|.NET
		{2F9E998B-6691-4EC6-BDF9-AFE090B70413}.Release.Build.0 = Release|.NET
	EndGlobalSection
	GlobalSection(ExtensibilityGlobals) = postSolution
	EndGlobalSection
	GlobalSection(ExtensibilityAddIns) = postSolution
	EndGlobalSection
EndGlobal
