Microsoft Visual Studio Solution File, Format Version 10.00
# Visual Studio 2008
Project("{FAE04EC0-301F-11D3-BF4B-00C04F79EFBC}") = "LessMSIerables", "LessMSIerables.csproj", "{7767FCCA-538C-4A11-8942-2F97BFC4BBD4}"
EndProject
Global
	GlobalSection(SolutionConfigurationPlatforms) = preSolution
		Debug|Any CPU = Debug|Any CPU
		Release|Any CPU = Release|Any CPU
	EndGlobalSection
	GlobalSection(ProjectConfigurationPlatforms) = postSolution
		{7767FCCA-538C-4A11-8942-2F97BFC4BBD4}.Debug|Any CPU.ActiveCfg = Debug|Any CPU
		{7767FCCA-538C-4A11-8942-2F97BFC4BBD4}.Debug|Any CPU.Build.0 = Debug|Any CPU
		{7767FCCA-538C-4A11-8942-2F97BFC4BBD4}.Release|Any CPU.ActiveCfg = Release|Any CPU
		{7767FCCA-538C-4A11-8942-2F97BFC4BBD4}.Release|Any CPU.Build.0 = Release|Any CPU
	EndGlobalSection
	GlobalSection(SolutionProperties) = preSolution
		HideSolutionNode = FALSE
	EndGlobalSection
EndGlobal
